
Microsoft Visual Studio Solution File, Format Version 12.00
# Visual Studio Version 17
VisualStudioVersion = 17.3.32819.101
MinimumVisualStudioVersion = 10.0.40219.1
Project("{2150E333-8FDC-42A3-9474-1A3956D46DE8}") = "1-API", "1-API", "{934885C6-A17A-48E6-8779-59F45DA5C06B}"
EndProject
Project("{2150E333-8FDC-42A3-9474-1A3956D46DE8}") = "2-Application", "2-Application", "{0BBF4299-6653-4EC9-A18F-D761FA51118B}"
EndProject
Project("{2150E333-8FDC-42A3-9474-1A3956D46DE8}") = "3-Domain", "3-Domain", "{E50DC2CD-B1D7-443D-B2FA-7A92CC4DD6AA}"
EndProject
Project("{2150E333-8FDC-42A3-9474-1A3956D46DE8}") = "4-Infra", "4-Infra", "{8B6922FA-4B70-4F05-BDA1-7F769993B1CE}"
EndProject
Project("{2150E333-8FDC-42A3-9474-1A3956D46DE8}") = "5-CrossCutting", "5-CrossCutting", "{0BCF6888-53A3-42B8-A988-89051225264B}"
EndProject
Project("{FAE04EC0-301F-11D3-BF4B-00C04F79EFBC}") = "IEscola.CrossCutting", "app\IEscola.CrossCutting\IEscola.CrossCutting.csproj", "{666A1678-E278-4A90-B3D5-9F0ECAE096DF}"
EndProject
Project("{FAE04EC0-301F-11D3-BF4B-00C04F79EFBC}") = "IEscola.Infra", "app\IEscola.Infra\IEscola.Infra.csproj", "{A36D9901-F9F4-4F7F-AEAC-F54AB5A35E94}"
EndProject
Project("{FAE04EC0-301F-11D3-BF4B-00C04F79EFBC}") = "IEscola.Domain", "app\IEscola.Domain\IEscola.Domain.csproj", "{C30AC0DB-1C2E-40CC-98D1-62951213AB5D}"
EndProject
Project("{FAE04EC0-301F-11D3-BF4B-00C04F79EFBC}") = "IEscola.Application", "app\IEscola.Application\IEscola.Application.csproj", "{C61E5DE1-76C3-4401-A9C1-59A7102FBC60}"
EndProject
Project("{FAE04EC0-301F-11D3-BF4B-00C04F79EFBC}") = "IEscola.Api", "app\IEscola.Api\IEscola.Api.csproj", "{E3560AB7-DB1D-4593-B338-4848821BFB18}"
EndProject
Global
	GlobalSection(SolutionConfigurationPlatforms) = preSolution
		Debug|Any CPU = Debug|Any CPU
		Release|Any CPU = Release|Any CPU
	EndGlobalSection
	GlobalSection(ProjectConfigurationPlatforms) = postSolution
		{666A1678-E278-4A90-B3D5-9F0ECAE096DF}.Debug|Any CPU.ActiveCfg = Debug|Any CPU
		{666A1678-E278-4A90-B3D5-9F0ECAE096DF}.Debug|Any CPU.Build.0 = Debug|Any CPU
		{666A1678-E278-4A90-B3D5-9F0ECAE096DF}.Release|Any CPU.ActiveCfg = Release|Any CPU
		{666A1678-E278-4A90-B3D5-9F0ECAE096DF}.Release|Any CPU.Build.0 = Release|Any CPU
		{A36D9901-F9F4-4F7F-AEAC-F54AB5A35E94}.Debug|Any CPU.ActiveCfg = Debug|Any CPU
		{A36D9901-F9F4-4F7F-AEAC-F54AB5A35E94}.Debug|Any CPU.Build.0 = Debug|Any CPU
		{A36D9901-F9F4-4F7F-AEAC-F54AB5A35E94}.Release|Any CPU.ActiveCfg = Release|Any CPU
		{A36D9901-F9F4-4F7F-AEAC-F54AB5A35E94}.Release|Any CPU.Build.0 = Release|Any CPU
		{C30AC0DB-1C2E-40CC-98D1-62951213AB5D}.Debug|Any CPU.ActiveCfg = Debug|Any CPU
		{C30AC0DB-1C2E-40CC-98D1-62951213AB5D}.Debug|Any CPU.Build.0 = Debug|Any CPU
		{C30AC0DB-1C2E-40CC-98D1-62951213AB5D}.Release|Any CPU.ActiveCfg = Release|Any CPU
		{C30AC0DB-1C2E-40CC-98D1-62951213AB5D}.Release|Any CPU.Build.0 = Release|Any CPU
		{C61E5DE1-76C3-4401-A9C1-59A7102FBC60}.Debug|Any CPU.ActiveCfg = Debug|Any CPU
		{C61E5DE1-76C3-4401-A9C1-59A7102FBC60}.Debug|Any CPU.Build.0 = Debug|Any CPU
		{C61E5DE1-76C3-4401-A9C1-59A7102FBC60}.Release|Any CPU.ActiveCfg = Release|Any CPU
		{C61E5DE1-76C3-4401-A9C1-59A7102FBC60}.Release|Any CPU.Build.0 = Release|Any CPU
		{E3560AB7-DB1D-4593-B338-4848821BFB18}.Debug|Any CPU.ActiveCfg = Debug|Any CPU
		{E3560AB7-DB1D-4593-B338-4848821BFB18}.Debug|Any CPU.Build.0 = Debug|Any CPU
		{E3560AB7-DB1D-4593-B338-4848821BFB18}.Release|Any CPU.ActiveCfg = Release|Any CPU
		{E3560AB7-DB1D-4593-B338-4848821BFB18}.Release|Any CPU.Build.0 = Release|Any CPU
	EndGlobalSection
	GlobalSection(SolutionProperties) = preSolution
		HideSolutionNode = FALSE
	EndGlobalSection
	GlobalSection(NestedProjects) = preSolution
		{666A1678-E278-4A90-B3D5-9F0ECAE096DF} = {0BCF6888-53A3-42B8-A988-89051225264B}
		{A36D9901-F9F4-4F7F-AEAC-F54AB5A35E94} = {8B6922FA-4B70-4F05-BDA1-7F769993B1CE}
		{C30AC0DB-1C2E-40CC-98D1-62951213AB5D} = {E50DC2CD-B1D7-443D-B2FA-7A92CC4DD6AA}
		{C61E5DE1-76C3-4401-A9C1-59A7102FBC60} = {0BBF4299-6653-4EC9-A18F-D761FA51118B}
		{E3560AB7-DB1D-4593-B338-4848821BFB18} = {934885C6-A17A-48E6-8779-59F45DA5C06B}
	EndGlobalSection
	GlobalSection(ExtensibilityGlobals) = postSolution
		SolutionGuid = {AB6D8A7E-1F6D-4B0D-8754-C03B293C1187}
	EndGlobalSection
EndGlobal
